{
  "name": "jshp-crypto",
  "version": "1.0.0",
  "lockfileVersion": 1,
  "requires": true,
  "dependencies": {
    "nan": {
      "version": "2.8.0",
      "resolved": "https://registry.npmjs.org/nan/-/nan-2.8.0.tgz",
      "integrity": "sha1-7XFfP+neArV6XmJS2QqWZ14fCFo="
    },
    "node-gyp-build": {
      "version": "3.2.2",
      "resolved": "https://registry.npmjs.org/node-gyp-build/-/node-gyp-build-3.2.2.tgz",
      "integrity": "sha512-t8W/0UqFGl1c+5ORA3NoT3npU+PxWBL9iPhY7ZySSTszodj3RWexmu8niayWBE0v+0DLARvOXsjaAvfmSEQOyQ=="
    },
    "sodium-native": {
      "version": "2.0.0",
      "resolved": "https://registry.npmjs.org/sodium-native/-/sodium-native-2.0.0.tgz",
      "integrity": "sha512-r2+5c3B6FvQi51T90vXEh+f8E+ZcwnZ03NJgHWt3tmhn+qYq9MxJl1h9CoviaK3gIGVsr+2bF85838hjAfgm0w==",
      "requires": {
        "nan": "2.8.0",
        "node-gyp-build": "3.2.2"
      }
    }
  }
}
